// !$*UTF8*$!
{
	archiveVersion = 1;
	classes = {
	};
	objectVersion = 77;
	objects = {

/* Begin PBXBuildFile section */
		AD8E1B2A2F14DEBB00BFF3B9 /* LapitWatchApp Watch App.app in Embed Watch Content */ = {isa = PBXBuildFile; fileRef = AD475B0C2EFDCC42007A7A82 /* LapitWatchApp Watch App.app */; settings = {ATTRIBUTES = (RemoveHeadersOnCopy, ); }; };
		ADA3E0FA2F213D3000C6A95B /* LapitWatchApp WatchApp Extension.appex in Embed ExtensionKit Extensions */ = {isa = PBXBuildFile; fileRef = ADA3E0F12F213D3000C6A95B /* LapitWatchApp WatchApp Extension.appex */; settings = {ATTRIBUTES = (RemoveHeadersOnCopy, ); }; };
/* End PBXBuildFile section */

/* Begin PBXContainerItemProxy section */
		AD8E1B2B2F14DEBB00BFF3B9 /* PBXContainerItemProxy */ = {
			isa = PBXContainerItemProxy;
			containerPortal = ADDB57E62EB8E1B600131F3C /* Project object */;
			proxyType = 1;
			remoteGlobalIDString = AD475B0B2EFDCC42007A7A82;
			remoteInfo = "LapitWatchApp Watch App";
		};
		AD8E1B322F14DEC400BFF3B9 /* PBXContainerItemProxy */ = {
			isa = PBXContainerItemProxy;
			containerPortal = ADDB57E62EB8E1B600131F3C /* Project object */;
			proxyType = 1;
			remoteGlobalIDString = AD475B0B2EFDCC42007A7A82;
			remoteInfo = "LapitWatchApp Watch App";
		};
		AD8E1B342F14DEC400BFF3B9 /* PBXContainerItemProxy */ = {
			isa = PBXContainerItemProxy;
			containerPortal = ADDB57E62EB8E1B600131F3C /* Project object */;
			proxyType = 1;
			remoteGlobalIDString = AD475B3B2F005447007A7A82;
			remoteInfo = LapitWatchAppExtentsion;
		};
		AD8E1B362F14DECE00BFF3B9 /* PBXContainerItemProxy */ = {
			isa = PBXContainerItemProxy;
			containerPortal = ADDB57E62EB8E1B600131F3C /* Project object */;
			proxyType = 1;
			remoteGlobalIDString = AD475B0B2EFDCC42007A7A82;
			remoteInfo = "LapitWatchApp Watch App";
		};
		ADA3E0F82F213D3000C6A95B /* PBXContainerItemProxy */ = {
			isa = PBXContainerItemProxy;
			containerPortal = ADDB57E62EB8E1B600131F3C /* Project object */;
			proxyType = 1;
			remoteGlobalIDString = ADA3E0F02F213D3000C6A95B;
			remoteInfo = "LapitWatchApp WatchApp Extension";
		};
/* End PBXContainerItemProxy section */

/* Begin PBXCopyFilesBuildPhase section */
		AD475B4A2F005448007A7A82 /* Embed ExtensionKit Extensions */ = {
			isa = PBXCopyFilesBuildPhase;
			buildActionMask = 2147483647;
			dstPath = "$(EXTENSIONS_FOLDER_PATH)";
			dstSubfolderSpec = 16;
			files = (
				ADA3E0FA2F213D3000C6A95B /* LapitWatchApp WatchApp Extension.appex in Embed ExtensionKit Extensions */,
			);
			name = "Embed ExtensionKit Extensions";
			runOnlyForDeploymentPostprocessing = 0;
		};
		AD8E1B302F14DEBB00BFF3B9 /* Embed Watch Content */ = {
			isa = PBXCopyFilesBuildPhase;
			buildActionMask = 2147483647;
			dstPath = "$(CONTENTS_FOLDER_PATH)/Watch";
			dstSubfolderSpec = 16;
			files = (
				AD8E1B2A2F14DEBB00BFF3B9 /* LapitWatchApp Watch App.app in Embed Watch Content */,
			);
			name = "Embed Watch Content";
			runOnlyForDeploymentPostprocessing = 0;
		};
		AD8E1B312F14DEBB00BFF3B9 /* Embed ExtensionKit Extensions */ = {
			isa = PBXCopyFilesBuildPhase;
			buildActionMask = 2147483647;
			dstPath = "$(EXTENSIONS_FOLDER_PATH)";
			dstSubfolderSpec = 16;
			files = (
			);
			name = "Embed ExtensionKit Extensions";
			runOnlyForDeploymentPostprocessing = 0;
		};
/* End PBXCopyFilesBuildPhase section */

/* Begin PBXFileReference section */
		AD475B0C2EFDCC42007A7A82 /* LapitWatchApp Watch App.app */ = {isa = PBXFileReference; explicitFileType = wrapper.application; includeInIndex = 0; path = "LapitWatchApp Watch App.app"; sourceTree = BUILT_PRODUCTS_DIR; };
		ADA3E0F12F213D3000C6A95B /* LapitWatchApp WatchApp Extension.appex */ = {isa = PBXFileReference; explicitFileType = "wrapper.extensionkit-extension"; includeInIndex = 0; path = "LapitWatchApp WatchApp Extension.appex"; sourceTree = BUILT_PRODUCTS_DIR; };
		ADFCCF2F2F0EBA6C00265C0E /* Lapit.app */ = {isa = PBXFileReference; explicitFileType = wrapper.application; includeInIndex = 0; path = Lapit.app; sourceTree = BUILT_PRODUCTS_DIR; };
/* End PBXFileReference section */

/* Begin PBXFileSystemSynchronizedBuildFileExceptionSet section */
		AD6CAE202F1E5F90003C403B /* Exceptions for "Lapit" folder in "Lapit" target */ = {
			isa = PBXFileSystemSynchronizedBuildFileExceptionSet;
			membershipExceptions = (
				Info.plist,
			);
			target = ADFCCF2E2F0EBA6C00265C0E /* Lapit */;
		};
		ADA3E0FE2F213D3000C6A95B /* Exceptions for "LapitWatchApp WatchApp Extension" folder in "LapitWatchApp WatchApp Extension" target */ = {
			isa = PBXFileSystemSynchronizedBuildFileExceptionSet;
			membershipExceptions = (
				Info.plist,
			);
			target = ADA3E0F02F213D3000C6A95B /* LapitWatchApp WatchApp Extension */;
		};
/* End PBXFileSystemSynchronizedBuildFileExceptionSet section */

/* Begin PBXFileSystemSynchronizedRootGroup section */
		AD475B0D2EFDCC42007A7A82 /* LapitWatchApp Watch App */ = {
			isa = PBXFileSystemSynchronizedRootGroup;
			path = "LapitWatchApp Watch App";
			sourceTree = "<group>";
		};
		AD475B212F00492C007A7A82 /* Shared */ = {
			isa = PBXFileSystemSynchronizedRootGroup;
			path = Shared;
			sourceTree = "<group>";
		};
		ADA3E0F22F213D3000C6A95B /* LapitWatchApp WatchApp Extension */ = {
			isa = PBXFileSystemSynchronizedRootGroup;
			exceptions = (
				ADA3E0FE2F213D3000C6A95B /* Exceptions for "LapitWatchApp WatchApp Extension" folder in "LapitWatchApp WatchApp Extension" target */,
			);
			path = "LapitWatchApp WatchApp Extension";
			sourceTree = "<group>";
		};
		ADFCCF302F0EBA6C00265C0E /* Lapit */ = {
			isa = PBXFileSystemSynchronizedRootGroup;
			exceptions = (
				AD6CAE202F1E5F90003C403B /* Exceptions for "Lapit" folder in "Lapit" target */,
			);
			path = Lapit;
			sourceTree = "<group>";
		};
/* End PBXFileSystemSynchronizedRootGroup section */

/* Begin PBXFrameworksBuildPhase section */
		AD475B092EFDCC42007A7A82 /* Frameworks */ = {
			isa = PBXFrameworksBuildPhase;
			buildActionMask = 2147483647;
			files = (
			);
			runOnlyForDeploymentPostprocessing = 0;
		};
		ADA3E0EE2F213D3000C6A95B /* Frameworks */ = {
			isa = PBXFrameworksBuildPhase;
			buildActionMask = 2147483647;
			files = (
			);
			runOnlyForDeploymentPostprocessing = 0;
		};
		ADFCCF2C2F0EBA6C00265C0E /* Frameworks */ = {
			isa = PBXFrameworksBuildPhase;
			buildActionMask = 2147483647;
			files = (
			);
			runOnlyForDeploymentPostprocessing = 0;
		};
/* End PBXFrameworksBuildPhase section */

/* Begin PBXGroup section */
		AD8E1B292F14DEBB00BFF3B9 /* Frameworks */ = {
			isa = PBXGroup;
			children = (
			);
			name = Frameworks;
			sourceTree = "<group>";
		};
		ADDB57E52EB8E1B600131F3C = {
			isa = PBXGroup;
			children = (
				AD475B212F00492C007A7A82 /* Shared */,
				AD475B0D2EFDCC42007A7A82 /* LapitWatchApp Watch App */,
				ADFCCF302F0EBA6C00265C0E /* Lapit */,
				ADA3E0F22F213D3000C6A95B /* LapitWatchApp WatchApp Extension */,
				AD8E1B292F14DEBB00BFF3B9 /* Frameworks */,
				ADDB57EF2EB8E1B600131F3C /* Products */,
			);
			sourceTree = "<group>";
		};
		ADDB57EF2EB8E1B600131F3C /* Products */ = {
			isa = PBXGroup;
			children = (
				AD475B0C2EFDCC42007A7A82 /* LapitWatchApp Watch App.app */,
				ADFCCF2F2F0EBA6C00265C0E /* Lapit.app */,
				ADA3E0F12F213D3000C6A95B /* LapitWatchApp WatchApp Extension.appex */,
			);
			name = Products;
			sourceTree = "<group>";
		};
/* End PBXGroup section */

/* Begin PBXNativeTarget section */
		AD475B0B2EFDCC42007A7A82 /* LapitWatchApp Watch App */ = {
			isa = PBXNativeTarget;
			buildConfigurationList = AD475B1A2EFDCC43007A7A82 /* Build configuration list for PBXNativeTarget "LapitWatchApp Watch App" */;
			buildPhases = (
				AD475B082EFDCC42007A7A82 /* Sources */,
				AD475B092EFDCC42007A7A82 /* Frameworks */,
				AD475B0A2EFDCC42007A7A82 /* Resources */,
				AD475B4A2F005448007A7A82 /* Embed ExtensionKit Extensions */,
			);
			buildRules = (
			);
			dependencies = (
				ADA3E0F92F213D3000C6A95B /* PBXTargetDependency */,
			);
			fileSystemSynchronizedGroups = (
				AD475B0D2EFDCC42007A7A82 /* LapitWatchApp Watch App */,
				AD475B212F00492C007A7A82 /* Shared */,
			);
			name = "LapitWatchApp Watch App";
			packageProductDependencies = (
			);
			productName = "LapitWatchApp Watch App";
			productReference = AD475B0C2EFDCC42007A7A82 /* LapitWatchApp Watch App.app */;
			productType = "com.apple.product-type.application";
		};
		ADA3E0F02F213D3000C6A95B /* LapitWatchApp WatchApp Extension */ = {
			isa = PBXNativeTarget;
			buildConfigurationList = ADA3E0FB2F213D3000C6A95B /* Build configuration list for PBXNativeTarget "LapitWatchApp WatchApp Extension" */;
			buildPhases = (
				ADA3E0ED2F213D3000C6A95B /* Sources */,
				ADA3E0EE2F213D3000C6A95B /* Frameworks */,
				ADA3E0EF2F213D3000C6A95B /* Resources */,
			);
			buildRules = (
			);
			dependencies = (
			);
			fileSystemSynchronizedGroups = (
				ADA3E0F22F213D3000C6A95B /* LapitWatchApp WatchApp Extension */,
			);
			name = "LapitWatchApp WatchApp Extension";
			packageProductDependencies = (
			);
			productName = "LapitWatchApp WatchApp Extension";
			productReference = ADA3E0F12F213D3000C6A95B /* LapitWatchApp WatchApp Extension.appex */;
			productType = "com.apple.product-type.extensionkit-extension";
		};
		ADFCCF2E2F0EBA6C00265C0E /* Lapit */ = {
			isa = PBXNativeTarget;
			buildConfigurationList = ADFCCF3A2F0EBA6D00265C0E /* Build configuration list for PBXNativeTarget "Lapit" */;
			buildPhases = (
				ADFCCF2B2F0EBA6C00265C0E /* Sources */,
				ADFCCF2C2F0EBA6C00265C0E /* Frameworks */,
				ADFCCF2D2F0EBA6C00265C0E /* Resources */,
				AD8E1B302F14DEBB00BFF3B9 /* Embed Watch Content */,
				AD8E1B312F14DEBB00BFF3B9 /* Embed ExtensionKit Extensions */,
			);
			buildRules = (
			);
			dependencies = (
				AD8E1B2C2F14DEBB00BFF3B9 /* PBXTargetDependency */,
				AD8E1B332F14DEC400BFF3B9 /* PBXTargetDependency */,
				AD8E1B352F14DEC400BFF3B9 /* PBXTargetDependency */,
				AD8E1B372F14DECE00BFF3B9 /* PBXTargetDependency */,
			);
			fileSystemSynchronizedGroups = (
				AD475B212F00492C007A7A82 /* Shared */,
				ADFCCF302F0EBA6C00265C0E /* Lapit */,
			);
			name = Lapit;
			packageProductDependencies = (
			);
			productName = Lapit;
			productReference = ADFCCF2F2F0EBA6C00265C0E /* Lapit.app */;
			productType = "com.apple.product-type.application";
		};
/* End PBXNativeTarget section */

/* Begin PBXProject section */
		ADDB57E62EB8E1B600131F3C /* Project object */ = {
			isa = PBXProject;
			attributes = {
				BuildIndependentTargetsInParallel = 1;
				LastSwiftUpdateCheck = 1620;
				LastUpgradeCheck = 1620;
				TargetAttributes = {
					AD475B0B2EFDCC42007A7A82 = {
						CreatedOnToolsVersion = 16.2;
					};
					ADA3E0F02F213D3000C6A95B = {
						CreatedOnToolsVersion = 16.2;
					};
					ADFCCF2E2F0EBA6C00265C0E = {
						CreatedOnToolsVersion = 16.2;
					};
				};
			};
			buildConfigurationList = ADDB57E92EB8E1B600131F3C /* Build configuration list for PBXProject "RacingAI" */;
			developmentRegion = en;
			hasScannedForEncodings = 0;
			knownRegions = (
				en,
				Base,
			);
			mainGroup = ADDB57E52EB8E1B600131F3C;
			minimizedProjectReferenceProxies = 1;
			preferredProjectObjectVersion = 77;
			productRefGroup = ADDB57EF2EB8E1B600131F3C /* Products */;
			projectDirPath = "";
			projectRoot = "";
			targets = (
				AD475B0B2EFDCC42007A7A82 /* LapitWatchApp Watch App */,
				ADFCCF2E2F0EBA6C00265C0E /* Lapit */,
				ADA3E0F02F213D3000C6A95B /* LapitWatchApp WatchApp Extension */,
			);
		};
/* End PBXProject section */

/* Begin PBXResourcesBuildPhase section */
		AD475B0A2EFDCC42007A7A82 /* Resources */ = {
			isa = PBXResourcesBuildPhase;
			buildActionMask = 2147483647;
			files = (
			);
			runOnlyForDeploymentPostprocessing = 0;
		};
		ADA3E0EF2F213D3000C6A95B /* Resources */ = {
			isa = PBXResourcesBuildPhase;
			buildActionMask = 2147483647;
			files = (
			);
			runOnlyForDeploymentPostprocessing = 0;
		};
		ADFCCF2D2F0EBA6C00265C0E /* Resources */ = {
			isa = PBXResourcesBuildPhase;
			buildActionMask = 2147483647;
			files = (
			);
			runOnlyForDeploymentPostprocessing = 0;
		};
/* End PBXResourcesBuildPhase section */

/* Begin PBXSourcesBuildPhase section */
		AD475B082EFDCC42007A7A82 /* Sources */ = {
			isa = PBXSourcesBuildPhase;
			buildActionMask = 2147483647;
			files = (
			);
			runOnlyForDeploymentPostprocessing = 0;
		};
		ADA3E0ED2F213D3000C6A95B /* Sources */ = {
			isa = PBXSourcesBuildPhase;
			buildActionMask = 2147483647;
			files = (
			);
			runOnlyForDeploymentPostprocessing = 0;
		};
		ADFCCF2B2F0EBA6C00265C0E /* Sources */ = {
			isa = PBXSourcesBuildPhase;
			buildActionMask = 2147483647;
			files = (
			);
			runOnlyForDeploymentPostprocessing = 0;
		};
/* End PBXSourcesBuildPhase section */

/* Begin PBXTargetDependency section */
		AD8E1B2C2F14DEBB00BFF3B9 /* PBXTargetDependency */ = {
			isa = PBXTargetDependency;
			target = AD475B0B2EFDCC42007A7A82 /* LapitWatchApp Watch App */;
			targetProxy = AD8E1B2B2F14DEBB00BFF3B9 /* PBXContainerItemProxy */;
		};
		AD8E1B332F14DEC400BFF3B9 /* PBXTargetDependency */ = {
			isa = PBXTargetDependency;
			target = AD475B0B2EFDCC42007A7A82 /* LapitWatchApp Watch App */;
			targetProxy = AD8E1B322F14DEC400BFF3B9 /* PBXContainerItemProxy */;
		};
		AD8E1B352F14DEC400BFF3B9 /* PBXTargetDependency */ = {
			isa = PBXTargetDependency;
			targetProxy = AD8E1B342F14DEC400BFF3B9 /* PBXContainerItemProxy */;
		};
		AD8E1B372F14DECE00BFF3B9 /* PBXTargetDependency */ = {
			isa = PBXTargetDependency;
			target = AD475B0B2EFDCC42007A7A82 /* LapitWatchApp Watch App */;
			targetProxy = AD8E1B362F14DECE00BFF3B9 /* PBXContainerItemProxy */;
		};
		ADA3E0F92F213D3000C6A95B /* PBXTargetDependency */ = {
			isa = PBXTargetDependency;
			target = ADA3E0F02F213D3000C6A95B /* LapitWatchApp WatchApp Extension */;
			targetProxy = ADA3E0F82F213D3000C6A95B /* PBXContainerItemProxy */;
		};
/* End PBXTargetDependency section */

/* Begin XCBuildConfiguration section */
		AD475B1B2EFDCC43007A7A82 /* Debug */ = {
			isa = XCBuildConfiguration;
			buildSettings = {
				ASSETCATALOG_COMPILER_APPICON_NAME = AppIcon;
				ASSETCATALOG_COMPILER_GLOBAL_ACCENT_COLOR_NAME = AccentColor;
				CODE_SIGN_ENTITLEMENTS = "LapitWatchApp Watch App/LapitWatchApp Watch App.entitlements";
				CODE_SIGN_STYLE = Automatic;
				CURRENT_PROJECT_VERSION = 1;
				DEVELOPMENT_ASSET_PATHS = "\"LapitWatchApp Watch App/Preview Content\"";
				DEVELOPMENT_TEAM = Z64WN83V4Y;
				ENABLE_PREVIEWS = YES;
				GENERATE_INFOPLIST_FILE = YES;
				INFOPLIST_KEY_CFBundleDisplayName = LapitWatchApp;
				INFOPLIST_KEY_NSHealthShareUsageDescription = "운동 기록 및 건강 데이터를 읽기 위해 필요합니다.";
				INFOPLIST_KEY_NSHealthUpdateUsageDescription = "운동 기록 및 건강 데이터를 읽기 위해 필요합니다.";
				INFOPLIST_KEY_UISupportedInterfaceOrientations = "UIInterfaceOrientationPortrait UIInterfaceOrientationPortraitUpsideDown";
				INFOPLIST_KEY_WKCompanionAppBundleIdentifier = com.sion0104.Lapit;
				LD_RUNPATH_SEARCH_PATHS = (
					"$(inherited)",
					"@executable_path/Frameworks",
				);
				MARKETING_VERSION = 1.0;
				PRODUCT_BUNDLE_IDENTIFIER = com.sion0104.Lapit.watchapp;
				PRODUCT_NAME = "$(TARGET_NAME)";
				SDKROOT = watchos;
				SKIP_INSTALL = YES;
				SWIFT_EMIT_LOC_STRINGS = YES;
				SWIFT_VERSION = 5.0;
				TARGETED_DEVICE_FAMILY = 4;
				WATCHOS_DEPLOYMENT_TARGET = 11.2;
			};
			name = Debug;
		};
		AD475B1C2EFDCC43007A7A82 /* Release */ = {
			isa = XCBuildConfiguration;
			buildSettings = {
				ASSETCATALOG_COMPILER_APPICON_NAME = AppIcon;
				ASSETCATALOG_COMPILER_GLOBAL_ACCENT_COLOR_NAME = AccentColor;
				CODE_SIGN_ENTITLEMENTS = "LapitWatchApp Watch App/LapitWatchApp Watch App.entitlements";
				CODE_SIGN_STYLE = Automatic;
				CURRENT_PROJECT_VERSION = 1;
				DEVELOPMENT_ASSET_PATHS = "\"LapitWatchApp Watch App/Preview Content\"";
				DEVELOPMENT_TEAM = Z64WN83V4Y;
				ENABLE_PREVIEWS = YES;
				GENERATE_INFOPLIST_FILE = YES;
				INFOPLIST_KEY_CFBundleDisplayName = LapitWatchApp;
				INFOPLIST_KEY_NSHealthShareUsageDescription = "운동 기록 및 건강 데이터를 읽기 위해 필요합니다.";
				INFOPLIST_KEY_NSHealthUpdateUsageDescription = "운동 기록 및 건강 데이터를 읽기 위해 필요합니다.";
				INFOPLIST_KEY_UISupportedInterfaceOrientations = "UIInterfaceOrientationPortrait UIInterfaceOrientationPortraitUpsideDown";
				INFOPLIST_KEY_WKCompanionAppBundleIdentifier = com.sion0104.Lapit;
				LD_RUNPATH_SEARCH_PATHS = (
					"$(inherited)",
					"@executable_path/Frameworks",
				);
				MARKETING_VERSION = 1.0;
				PRODUCT_BUNDLE_IDENTIFIER = com.sion0104.Lapit.watchapp;
				PRODUCT_NAME = "$(TARGET_NAME)";
				SDKROOT = watchos;
				SKIP_INSTALL = YES;
				SWIFT_EMIT_LOC_STRINGS = YES;
				SWIFT_VERSION = 5.0;
				TARGETED_DEVICE_FAMILY = 4;
				WATCHOS_DEPLOYMENT_TARGET = 11.2;
			};
			name = Release;
		};
		ADA3E0FC2F213D3000C6A95B /* Debug */ = {
			isa = XCBuildConfiguration;
			buildSettings = {
				CODE_SIGN_STYLE = Automatic;
				CURRENT_PROJECT_VERSION = 1;
				DEVELOPMENT_TEAM = Z64WN83V4Y;
				GENERATE_INFOPLIST_FILE = YES;
				INFOPLIST_FILE = "LapitWatchApp WatchApp Extension/Info.plist";
				INFOPLIST_KEY_CFBundleDisplayName = "LapitWatchApp WatchApp Extension";
				INFOPLIST_KEY_NSHumanReadableCopyright = "";
				LD_RUNPATH_SEARCH_PATHS = (
					"$(inherited)",
					"@executable_path/Frameworks",
					"@executable_path/../../Frameworks",
					"@executable_path/../../../../Frameworks",
				);
				MARKETING_VERSION = 1.0;
				PRODUCT_BUNDLE_IDENTIFIER = "com.sion0104.Lapit.watchapp.LapitWatchApp-WatchApp-Extension";
				PRODUCT_NAME = "$(TARGET_NAME)";
				SDKROOT = watchos;
				SKIP_INSTALL = YES;
				SWIFT_EMIT_LOC_STRINGS = YES;
				SWIFT_VERSION = 5.0;
				TARGETED_DEVICE_FAMILY = 4;
				WATCHOS_DEPLOYMENT_TARGET = 11.2;
			};
			name = Debug;
		};
		ADA3E0FD2F213D3000C6A95B /* Release */ = {
			isa = XCBuildConfiguration;
			buildSettings = {
				CODE_SIGN_STYLE = Automatic;
				CURRENT_PROJECT_VERSION = 1;
				DEVELOPMENT_TEAM = Z64WN83V4Y;
				GENERATE_INFOPLIST_FILE = YES;
				INFOPLIST_FILE = "LapitWatchApp WatchApp Extension/Info.plist";
				INFOPLIST_KEY_CFBundleDisplayName = "LapitWatchApp WatchApp Extension";
				INFOPLIST_KEY_NSHumanReadableCopyright = "";
				LD_RUNPATH_SEARCH_PATHS = (
					"$(inherited)",
					"@executable_path/Frameworks",
					"@executable_path/../../Frameworks",
					"@executable_path/../../../../Frameworks",
				);
				MARKETING_VERSION = 1.0;
				PRODUCT_BUNDLE_IDENTIFIER = "com.sion0104.Lapit.watchapp.LapitWatchApp-WatchApp-Extension";
				PRODUCT_NAME = "$(TARGET_NAME)";
				SDKROOT = watchos;
				SKIP_INSTALL = YES;
				SWIFT_EMIT_LOC_STRINGS = YES;
				SWIFT_VERSION = 5.0;
				TARGETED_DEVICE_FAMILY = 4;
				WATCHOS_DEPLOYMENT_TARGET = 11.2;
			};
			name = Release;
		};
		ADDB57FA2EB8E1B700131F3C /* Debug */ = {
			isa = XCBuildConfiguration;
			buildSettings = {
				ALWAYS_SEARCH_USER_PATHS = NO;
				ASSETCATALOG_COMPILER_GENERATE_SWIFT_ASSET_SYMBOL_EXTENSIONS = YES;
				CLANG_ANALYZER_NONNULL = YES;
				CLANG_ANALYZER_NUMBER_OBJECT_CONVERSION = YES_AGGRESSIVE;
				CLANG_CXX_LANGUAGE_STANDARD = "gnu++20";
				CLANG_ENABLE_MODULES = YES;
				CLANG_ENABLE_OBJC_ARC = YES;
				CLANG_ENABLE_OBJC_WEAK = YES;
				CLANG_WARN_BLOCK_CAPTURE_AUTORELEASING = YES;
				CLANG_WARN_BOOL_CONVERSION = YES;
				CLANG_WARN_COMMA = YES;
				CLANG_WARN_CONSTANT_CONVERSION = YES;
				CLANG_WARN_DEPRECATED_OBJC_IMPLEMENTATIONS = YES;
				CLANG_WARN_DIRECT_OBJC_ISA_USAGE = YES_ERROR;
				CLANG_WARN_DOCUMENTATION_COMMENTS = YES;
				CLANG_WARN_EMPTY_BODY = YES;
				CLANG_WARN_ENUM_CONVERSION = YES;
				CLANG_WARN_INFINITE_RECURSION = YES;
				CLANG_WARN_INT_CONVERSION = YES;
				CLANG_WARN_NON_LITERAL_NULL_CONVERSION = YES;
				CLANG_WARN_OBJC_IMPLICIT_RETAIN_SELF = YES;
				CLANG_WARN_OBJC_LITERAL_CONVERSION = YES;
				CLANG_WARN_OBJC_ROOT_CLASS = YES_ERROR;
				CLANG_WARN_QUOTED_INCLUDE_IN_FRAMEWORK_HEADER = YES;
				CLANG_WARN_RANGE_LOOP_ANALYSIS = YES;
				CLANG_WARN_STRICT_PROTOTYPES = YES;
				CLANG_WARN_SUSPICIOUS_MOVE = YES;
				CLANG_WARN_UNGUARDED_AVAILABILITY = YES_AGGRESSIVE;
				CLANG_WARN_UNREACHABLE_CODE = YES;
				CLANG_WARN__DUPLICATE_METHOD_MATCH = YES;
				COPY_PHASE_STRIP = NO;
				DEBUG_INFORMATION_FORMAT = dwarf;
				ENABLE_STRICT_OBJC_MSGSEND = YES;
				ENABLE_TESTABILITY = YES;
				ENABLE_USER_SCRIPT_SANDBOXING = YES;
				GCC_C_LANGUAGE_STANDARD = gnu17;
				GCC_DYNAMIC_NO_PIC = NO;
				GCC_NO_COMMON_BLOCKS = YES;
				GCC_OPTIMIZATION_LEVEL = 0;
				GCC_PREPROCESSOR_DEFINITIONS = (
					"DEBUG=1",
					"$(inherited)",
				);
				GCC_WARN_64_TO_32_BIT_CONVERSION = YES;
				GCC_WARN_ABOUT_RETURN_TYPE = YES_ERROR;
				GCC_WARN_UNDECLARED_SELECTOR = YES;
				GCC_WARN_UNINITIALIZED_AUTOS = YES_AGGRESSIVE;
				GCC_WARN_UNUSED_FUNCTION = YES;
				GCC_WARN_UNUSED_VARIABLE = YES;
				IPHONEOS_DEPLOYMENT_TARGET = 18.2;
				LOCALIZATION_PREFERS_STRING_CATALOGS = YES;
				MTL_ENABLE_DEBUG_INFO = INCLUDE_SOURCE;
				MTL_FAST_MATH = YES;
				ONLY_ACTIVE_ARCH = YES;
				SDKROOT = iphoneos;
				SWIFT_ACTIVE_COMPILATION_CONDITIONS = "DEBUG $(inherited)";
				SWIFT_OPTIMIZATION_LEVEL = "-Onone";
			};
			name = Debug;
		};
		ADDB57FB2EB8E1B700131F3C /* Release */ = {
			isa = XCBuildConfiguration;
			buildSettings = {
				ALWAYS_SEARCH_USER_PATHS = NO;
				ASSETCATALOG_COMPILER_GENERATE_SWIFT_ASSET_SYMBOL_EXTENSIONS = YES;
				CLANG_ANALYZER_NONNULL = YES;
				CLANG_ANALYZER_NUMBER_OBJECT_CONVERSION = YES_AGGRESSIVE;
				CLANG_CXX_LANGUAGE_STANDARD = "gnu++20";
				CLANG_ENABLE_MODULES = YES;
				CLANG_ENABLE_OBJC_ARC = YES;
				CLANG_ENABLE_OBJC_WEAK = YES;
				CLANG_WARN_BLOCK_CAPTURE_AUTORELEASING = YES;
				CLANG_WARN_BOOL_CONVERSION = YES;
				CLANG_WARN_COMMA = YES;
				CLANG_WARN_CONSTANT_CONVERSION = YES;
				CLANG_WARN_DEPRECATED_OBJC_IMPLEMENTATIONS = YES;
				CLANG_WARN_DIRECT_OBJC_ISA_USAGE = YES_ERROR;
				CLANG_WARN_DOCUMENTATION_COMMENTS = YES;
				CLANG_WARN_EMPTY_BODY = YES;
				CLANG_WARN_ENUM_CONVERSION = YES;
				CLANG_WARN_INFINITE_RECURSION = YES;
				CLANG_WARN_INT_CONVERSION = YES;
				CLANG_WARN_NON_LITERAL_NULL_CONVERSION = YES;
				CLANG_WARN_OBJC_IMPLICIT_RETAIN_SELF = YES;
				CLANG_WARN_OBJC_LITERAL_CONVERSION = YES;
				CLANG_WARN_OBJC_ROOT_CLASS = YES_ERROR;
				CLANG_WARN_QUOTED_INCLUDE_IN_FRAMEWORK_HEADER = YES;
				CLANG_WARN_RANGE_LOOP_ANALYSIS = YES;
				CLANG_WARN_STRICT_PROTOTYPES = YES;
				CLANG_WARN_SUSPICIOUS_MOVE = YES;
				CLANG_WARN_UNGUARDED_AVAILABILITY = YES_AGGRESSIVE;
				CLANG_WARN_UNREACHABLE_CODE = YES;
				CLANG_WARN__DUPLICATE_METHOD_MATCH = YES;
				COPY_PHASE_STRIP = NO;
				DEBUG_INFORMATION_FORMAT = "dwarf-with-dsym";
				ENABLE_NS_ASSERTIONS = NO;
				ENABLE_STRICT_OBJC_MSGSEND = YES;
				ENABLE_USER_SCRIPT_SANDBOXING = YES;
				GCC_C_LANGUAGE_STANDARD = gnu17;
				GCC_NO_COMMON_BLOCKS = YES;
				GCC_WARN_64_TO_32_BIT_CONVERSION = YES;
				GCC_WARN_ABOUT_RETURN_TYPE = YES_ERROR;
				GCC_WARN_UNDECLARED_SELECTOR = YES;
				GCC_WARN_UNINITIALIZED_AUTOS = YES_AGGRESSIVE;
				GCC_WARN_UNUSED_FUNCTION = YES;
				GCC_WARN_UNUSED_VARIABLE = YES;
				IPHONEOS_DEPLOYMENT_TARGET = 18.2;
				LOCALIZATION_PREFERS_STRING_CATALOGS = YES;
				MTL_ENABLE_DEBUG_INFO = NO;
				MTL_FAST_MATH = YES;
				SDKROOT = iphoneos;
				SWIFT_COMPILATION_MODE = wholemodule;
				VALIDATE_PRODUCT = YES;
			};
			name = Release;
		};
		ADFCCF3B2F0EBA6D00265C0E /* Debug */ = {
			isa = XCBuildConfiguration;
			buildSettings = {
				ASSETCATALOG_COMPILER_APPICON_NAME = AppIcon;
				ASSETCATALOG_COMPILER_GLOBAL_ACCENT_COLOR_NAME = AccentColor;
				CODE_SIGN_ENTITLEMENTS = Lapit/RacingAI.entitlements;
				CODE_SIGN_IDENTITY = "Apple Development";
				CODE_SIGN_STYLE = Automatic;
				CURRENT_PROJECT_VERSION = 1;
				DEVELOPMENT_ASSET_PATHS = "\"Lapit/Preview Content\"";
				DEVELOPMENT_TEAM = Z64WN83V4Y;
				ENABLE_PREVIEWS = YES;
				GENERATE_INFOPLIST_FILE = YES;
				INFOPLIST_FILE = Lapit/Info.plist;
				INFOPLIST_KEY_NSHealthShareUsageDescription = "운동 기록과 심박수 등 건강 데이터를 읽어 운동 분석과 기록 제공에 사용합니다.";
				INFOPLIST_KEY_NSHealthUpdateUsageDescription = "운동 기록 저장 및 활동 데이터 업데이트를 위해 건강 데이터 쓰기 권한이 필요합니다.";
				INFOPLIST_KEY_NSLocationWhenInUseUsageDescription = "날씨 정보 업데이트를 위한 위치 데이터 권한이 필요합니다.";
				INFOPLIST_KEY_UIApplicationSceneManifest_Generation = YES;
				INFOPLIST_KEY_UIApplicationSupportsIndirectInputEvents = YES;
				INFOPLIST_KEY_UILaunchScreen_Generation = YES;
				INFOPLIST_KEY_UISupportedInterfaceOrientations = UIInterfaceOrientationPortrait;
				INFOPLIST_KEY_UISupportedInterfaceOrientations_iPad = "UIInterfaceOrientationLandscapeLeft UIInterfaceOrientationLandscapeRight UIInterfaceOrientationPortrait UIInterfaceOrientationPortraitUpsideDown";
				INFOPLIST_KEY_UIUserInterfaceStyle = Light;
				LD_RUNPATH_SEARCH_PATHS = (
					"$(inherited)",
					"@executable_path/Frameworks",
				);
				MARKETING_VERSION = 1.0;
				PRODUCT_BUNDLE_IDENTIFIER = com.sion0104.Lapit;
				PRODUCT_NAME = "$(TARGET_NAME)";
				PROVISIONING_PROFILE_SPECIFIER = "";
				SUPPORTED_PLATFORMS = "iphoneos iphonesimulator";
				SUPPORTS_MACCATALYST = NO;
				SUPPORTS_MAC_DESIGNED_FOR_IPHONE_IPAD = NO;
				SUPPORTS_XR_DESIGNED_FOR_IPHONE_IPAD = NO;
				SWIFT_EMIT_LOC_STRINGS = YES;
				SWIFT_VERSION = 5.0;
				TARGETED_DEVICE_FAMILY = 1;
			};
			name = Debug;
		};
		ADFCCF3C2F0EBA6D00265C0E /* Release */ = {
			isa = XCBuildConfiguration;
			buildSettings = {
				ASSETCATALOG_COMPILER_APPICON_NAME = AppIcon;
				ASSETCATALOG_COMPILER_GLOBAL_ACCENT_COLOR_NAME = AccentColor;
				CODE_SIGN_ENTITLEMENTS = Lapit/RacingAI.entitlements;
				CODE_SIGN_IDENTITY = "Apple Development";
				CODE_SIGN_STYLE = Automatic;
				CURRENT_PROJECT_VERSION = 1;
				DEVELOPMENT_ASSET_PATHS = "\"Lapit/Preview Content\"";
				DEVELOPMENT_TEAM = Z64WN83V4Y;
				ENABLE_PREVIEWS = YES;
				GENERATE_INFOPLIST_FILE = YES;
				INFOPLIST_FILE = Lapit/Info.plist;
				INFOPLIST_KEY_NSHealthShareUsageDescription = "운동 기록과 심박수 등 건강 데이터를 읽어 운동 분석과 기록 제공에 사용합니다.";
				INFOPLIST_KEY_NSHealthUpdateUsageDescription = "운동 기록 저장 및 활동 데이터 업데이트를 위해 건강 데이터 쓰기 권한이 필요합니다.";
				INFOPLIST_KEY_NSLocationWhenInUseUsageDescription = "날씨 정보 업데이트를 위한 위치 데이터 권한이 필요합니다.";
				INFOPLIST_KEY_UIApplicationSceneManifest_Generation = YES;
				INFOPLIST_KEY_UIApplicationSupportsIndirectInputEvents = YES;
				INFOPLIST_KEY_UILaunchScreen_Generation = YES;
				INFOPLIST_KEY_UISupportedInterfaceOrientations = UIInterfaceOrientationPortrait;
				INFOPLIST_KEY_UISupportedInterfaceOrientations_iPad = "UIInterfaceOrientationLandscapeLeft UIInterfaceOrientationLandscapeRight UIInterfaceOrientationPortrait UIInterfaceOrientationPortraitUpsideDown";
				INFOPLIST_KEY_UIUserInterfaceStyle = Light;
				LD_RUNPATH_SEARCH_PATHS = (
					"$(inherited)",
					"@executable_path/Frameworks",
				);
				MARKETING_VERSION = 1.0;
				PRODUCT_BUNDLE_IDENTIFIER = com.sion0104.Lapit;
				PRODUCT_NAME = "$(TARGET_NAME)";
				PROVISIONING_PROFILE_SPECIFIER = "";
				SUPPORTED_PLATFORMS = "iphoneos iphonesimulator";
				SUPPORTS_MACCATALYST = NO;
				SUPPORTS_MAC_DESIGNED_FOR_IPHONE_IPAD = NO;
				SUPPORTS_XR_DESIGNED_FOR_IPHONE_IPAD = NO;
				SWIFT_EMIT_LOC_STRINGS = YES;
				SWIFT_VERSION = 5.0;
				TARGETED_DEVICE_FAMILY = 1;
			};
			name = Release;
		};
/* End XCBuildConfiguration section */

/* Begin XCConfigurationList section */
		AD475B1A2EFDCC43007A7A82 /* Build configuration list for PBXNativeTarget "LapitWatchApp Watch App" */ = {
			isa = XCConfigurationList;
			buildConfigurations = (
				AD475B1B2EFDCC43007A7A82 /* Debug */,
				AD475B1C2EFDCC43007A7A82 /* Release */,
			);
			defaultConfigurationIsVisible = 0;
			defaultConfigurationName = Release;
		};
		ADA3E0FB2F213D3000C6A95B /* Build configuration list for PBXNativeTarget "LapitWatchApp WatchApp Extension" */ = {
			isa = XCConfigurationList;
			buildConfigurations = (
				ADA3E0FC2F213D3000C6A95B /* Debug */,
				ADA3E0FD2F213D3000C6A95B /* Release */,
			);
			defaultConfigurationIsVisible = 0;
			defaultConfigurationName = Release;
		};
		ADDB57E92EB8E1B600131F3C /* Build configuration list for PBXProject "RacingAI" */ = {
			isa = XCConfigurationList;
			buildConfigurations = (
				ADDB57FA2EB8E1B700131F3C /* Debug */,
				ADDB57FB2EB8E1B700131F3C /* Release */,
			);
			defaultConfigurationIsVisible = 0;
			defaultConfigurationName = Release;
		};
		ADFCCF3A2F0EBA6D00265C0E /* Build configuration list for PBXNativeTarget "Lapit" */ = {
			isa = XCConfigurationList;
			buildConfigurations = (
				ADFCCF3B2F0EBA6D00265C0E /* Debug */,
				ADFCCF3C2F0EBA6D00265C0E /* Release */,
			);
			defaultConfigurationIsVisible = 0;
			defaultConfigurationName = Release;
		};
/* End XCConfigurationList section */
	};
	rootObject = ADDB57E62EB8E1B600131F3C /* Project object */;
}
